
Microsoft Visual Studio Solution File, Format Version 12.00
# Visual Studio Version 16
VisualStudioVersion = 16.0.31402.337
MinimumVisualStudioVersion = 10.0.40219.1
Project("{FAE04EC0-301F-11D3-BF4B-00C04F79EFBC}") = "InheritancePractice", "InheritancePractice\InheritancePractice.csproj", "{6324D1D3-C47D-48A0-B15C-6BA7772C2EA3}"
EndProject
Global
	GlobalSection(SolutionConfigurationPlatforms) = preSolution
		Debug|Any CPU = Debug|Any CPU
		Release|Any CPU = Release|Any CPU
	EndGlobalSection
	GlobalSection(ProjectConfigurationPlatforms) = postSolution
		{6324D1D3-C47D-48A0-B15C-6BA7772C2EA3}.Debug|Any CPU.ActiveCfg = Debug|Any CPU
		{6324D1D3-C47D-48A0-B15C-6BA7772C2EA3}.Debug|Any CPU.Build.0 = Debug|Any CPU
		{6324D1D3-C47D-48A0-B15C-6BA7772C2EA3}.Release|Any CPU.ActiveCfg = Release|Any CPU
		{6324D1D3-C47D-48A0-B15C-6BA7772C2EA3}.Release|Any CPU.Build.0 = Release|Any CPU
	EndGlobalSection
	GlobalSection(SolutionProperties) = preSolution
		HideSolutionNode = FALSE
	EndGlobalSection
	GlobalSection(ExtensibilityGlobals) = postSolution
		SolutionGuid = {30678D0D-45CF-4A22-B01A-FC260539F05F}
	EndGlobalSection
EndGlobal
